
Microsoft Visual Studio Solution File, Format Version 12.00
# Visual Studio Version 17
VisualStudioVersion = 17.14.36603.0
MinimumVisualStudioVersion = 10.0.40219.1
Project("{FAE04EC0-301F-11D3-BF4B-00C04F79EFBC}") = "CarRentalSys", "CarRentalSys\CarRentalSys.csproj", "{FD1116EB-62B6-4ABC-9467-E034815A6EE6}"
EndProject
Project("{FAE04EC0-301F-11D3-BF4B-00C04F79EFBC}") = "ServiceTest", "ServiceTest\ServiceTest.csproj", "{A6196199-A25F-4555-B893-BD9866AC5C98}"
EndProject
Project("{FAE04EC0-301F-11D3-BF4B-00C04F79EFBC}") = "CarRentalForms", "CarRentalForms\CarRentalForms.csproj", "{21F420F8-417D-43A9-A873-926ACDE57949}"
EndProject
Global
	GlobalSection(SolutionConfigurationPlatforms) = preSolution
		Debug|Any CPU = Debug|Any CPU
		Release|Any CPU = Release|Any CPU
	EndGlobalSection
	GlobalSection(ProjectConfigurationPlatforms) = postSolution
		{FD1116EB-62B6-4ABC-9467-E034815A6EE6}.Debug|Any CPU.ActiveCfg = Debug|Any CPU
		{FD1116EB-62B6-4ABC-9467-E034815A6EE6}.Debug|Any CPU.Build.0 = Debug|Any CPU
		{FD1116EB-62B6-4ABC-9467-E034815A6EE6}.Release|Any CPU.ActiveCfg = Release|Any CPU
		{FD1116EB-62B6-4ABC-9467-E034815A6EE6}.Release|Any CPU.Build.0 = Release|Any CPU
		{A6196199-A25F-4555-B893-BD9866AC5C98}.Debug|Any CPU.ActiveCfg = Debug|Any CPU
		{A6196199-A25F-4555-B893-BD9866AC5C98}.Debug|Any CPU.Build.0 = Debug|Any CPU
		{A6196199-A25F-4555-B893-BD9866AC5C98}.Release|Any CPU.ActiveCfg = Release|Any CPU
		{A6196199-A25F-4555-B893-BD9866AC5C98}.Release|Any CPU.Build.0 = Release|Any CPU
		{21F420F8-417D-43A9-A873-926ACDE57949}.Debug|Any CPU.ActiveCfg = Debug|Any CPU
		{21F420F8-417D-43A9-A873-926ACDE57949}.Debug|Any CPU.Build.0 = Debug|Any CPU
		{21F420F8-417D-43A9-A873-926ACDE57949}.Release|Any CPU.ActiveCfg = Release|Any CPU
		{21F420F8-417D-43A9-A873-926ACDE57949}.Release|Any CPU.Build.0 = Release|Any CPU
	EndGlobalSection
	GlobalSection(SolutionProperties) = preSolution
		HideSolutionNode = FALSE
	EndGlobalSection
	GlobalSection(ExtensibilityGlobals) = postSolution
		SolutionGuid = {8B2E920E-71D5-4541-91C1-4976071604E5}
	EndGlobalSection
EndGlobal
